
Microsoft Visual Studio Solution File, Format Version 12.00
# Visual Studio Version 17
VisualStudioVersion = 17.0.32112.339
MinimumVisualStudioVersion = 10.0.40219.1
Project("{2150E333-8FDC-42A3-9474-1A3956D46DE8}") = "Solution Items", "Solution Items", "{2D0F7429-AB00-46B2-8407-47C9AF9ED199}"
	ProjectSection(SolutionItems) = preProject
		.editorconfig = .editorconfig
		.gitattributes = .gitattributes
		.gitignore = .gitignore
		README.md = README.md
	EndProjectSection
EndProject
Project("{2150E333-8FDC-42A3-9474-1A3956D46DE8}") = "CI", "CI", "{54EABBE9-E123-46FE-B51A-FB2408780BB2}"
	ProjectSection(SolutionItems) = preProject
		.ci\azure-pipelines.yaml = .ci\azure-pipelines.yaml
		.ci\deploy-jobs.yaml = .ci\deploy-jobs.yaml
	EndProjectSection
EndProject
Project("{2150E333-8FDC-42A3-9474-1A3956D46DE8}") = "readme", "readme", "{723801F0-EB4B-43AF-BCD5-824398EE0613}"
EndProject
Project("{9A19103F-16F7-4668-BE54-9A1E7A4F7556}") = "Playday.GraphQL.API", "src\Playday.GraphQL.API\Playday.GraphQL.API.csproj", "{47CDE8DC-883D-4235-9365-D312C7856D82}"
EndProject
Project("{9A19103F-16F7-4668-BE54-9A1E7A4F7556}") = "Playday.GraphQL.Database", "src\Playday.GraphQL.Database\Playday.GraphQL.Database.csproj", "{ABF5AAB0-82E9-47FF-8A13-3A9B0C3A7971}"
EndProject
Project("{FAE04EC0-301F-11D3-BF4B-00C04F79EFBC}") = "Playday.GraphQL.Common", "src\Playday.GraphQL.Common\Playday.GraphQL.Common.csproj", "{0A6E42AD-4A9A-4E18-BF16-0C2E5BDF7BDC}"
EndProject
Project("{FAE04EC0-301F-11D3-BF4B-00C04F79EFBC}") = "Playday.GraphQL.API.Tests", "src\Playday.GraphQL.API.Tests\Playday.GraphQL.API.Tests.csproj", "{DDFE9438-49BA-401B-BDDD-FB24010D3A1C}"
EndProject
Global
	GlobalSection(SolutionConfigurationPlatforms) = preSolution
		Debug|Any CPU = Debug|Any CPU
		Release|Any CPU = Release|Any CPU
	EndGlobalSection
	GlobalSection(ProjectConfigurationPlatforms) = postSolution
		{47CDE8DC-883D-4235-9365-D312C7856D82}.Debug|Any CPU.ActiveCfg = Debug|Any CPU
		{47CDE8DC-883D-4235-9365-D312C7856D82}.Debug|Any CPU.Build.0 = Debug|Any CPU
		{47CDE8DC-883D-4235-9365-D312C7856D82}.Release|Any CPU.ActiveCfg = Release|Any CPU
		{47CDE8DC-883D-4235-9365-D312C7856D82}.Release|Any CPU.Build.0 = Release|Any CPU
		{ABF5AAB0-82E9-47FF-8A13-3A9B0C3A7971}.Debug|Any CPU.ActiveCfg = Debug|Any CPU
		{ABF5AAB0-82E9-47FF-8A13-3A9B0C3A7971}.Debug|Any CPU.Build.0 = Debug|Any CPU
		{ABF5AAB0-82E9-47FF-8A13-3A9B0C3A7971}.Release|Any CPU.ActiveCfg = Release|Any CPU
		{ABF5AAB0-82E9-47FF-8A13-3A9B0C3A7971}.Release|Any CPU.Build.0 = Release|Any CPU
		{0A6E42AD-4A9A-4E18-BF16-0C2E5BDF7BDC}.Debug|Any CPU.ActiveCfg = Debug|Any CPU
		{0A6E42AD-4A9A-4E18-BF16-0C2E5BDF7BDC}.Debug|Any CPU.Build.0 = Debug|Any CPU
		{0A6E42AD-4A9A-4E18-BF16-0C2E5BDF7BDC}.Release|Any CPU.ActiveCfg = Release|Any CPU
		{0A6E42AD-4A9A-4E18-BF16-0C2E5BDF7BDC}.Release|Any CPU.Build.0 = Release|Any CPU
		{DDFE9438-49BA-401B-BDDD-FB24010D3A1C}.Debug|Any CPU.ActiveCfg = Debug|Any CPU
		{DDFE9438-49BA-401B-BDDD-FB24010D3A1C}.Debug|Any CPU.Build.0 = Debug|Any CPU
		{DDFE9438-49BA-401B-BDDD-FB24010D3A1C}.Release|Any CPU.ActiveCfg = Release|Any CPU
		{DDFE9438-49BA-401B-BDDD-FB24010D3A1C}.Release|Any CPU.Build.0 = Release|Any CPU
	EndGlobalSection
	GlobalSection(SolutionProperties) = preSolution
		HideSolutionNode = FALSE
	EndGlobalSection
	GlobalSection(NestedProjects) = preSolution
		{54EABBE9-E123-46FE-B51A-FB2408780BB2} = {2D0F7429-AB00-46B2-8407-47C9AF9ED199}
		{723801F0-EB4B-43AF-BCD5-824398EE0613} = {2D0F7429-AB00-46B2-8407-47C9AF9ED199}
	EndGlobalSection
	GlobalSection(ExtensibilityGlobals) = postSolution
		SolutionGuid = {A7C13EAE-F17C-4433-BED3-F7A1EB383484}
	EndGlobalSection
EndGlobal
